# This file is automatically @generated by Cargo.
# It is not intended for manual editing.
version = 3

[[package]]
name = "add_two_numbers"
version = "0.1.0"

[[package]]
name = "alien_dictionary"
version = "0.1.0"

[[package]]
name = "analyze_user_website_visit_pattern"
version = "0.1.0"

[[package]]
name = "android_unlock_patterns"
version = "0.1.0"

[[package]]
name = "backspace_string_compare"
version = "0.1.0"

[[package]]
name = "best_time_to_buy_and_sell_stock"
version = "0.1.0"

[[package]]
name = "binary_tree_maximum_path_sum"
version = "0.1.0"
dependencies = [
 "common",
]

[[package]]
name = "binary_tree_vertical_order_traversal"
version = "0.1.0"
dependencies = [
 "common",
]

[[package]]
name = "buildings_with_an_ocean_view"
version = "0.1.0"

[[package]]
name = "bulls_and_cows"
version = "0.1.0"

[[package]]
name = "candy_crush"
version = "0.1.0"

[[package]]
name = "coin_change"
version = "0.1.0"

[[package]]
name = "common"
version = "0.1.0"

[[package]]
name = "container_with_most_water"
version = "0.1.0"

[[package]]
name = "count_complete_tree_nodes"
version = "0.1.0"
dependencies = [
 "common",
]

[[package]]
name = "count_of_smaller_numbers_after_self"
version = "0.1.0"

[[package]]
name = "course_schedule2"
version = "0.1.0"

[[package]]
name = "cracking_the_safe"
version = "0.1.0"

[[package]]
name = "decode_string"
version = "0.1.0"

[[package]]
name = "design_hit_counter"
version = "0.1.0"

[[package]]
name = "main"
version = "0.1.0"
dependencies = [
 "three_sum",
 "two_sum",
]

[[package]]
name = "three_sum"
version = "0.1.0"

[[package]]
name = "two_sum"
version = "0.1.0"
