# This file is automatically @generated by Cargo.
# It is not intended for manual editing.
version = 3

[[package]]
name = "add_two_numbers"
version = "0.1.0"

[[package]]
name = "alien_dictionary"
version = "0.1.0"

[[package]]
name = "analyze_user_website_visit_pattern"
version = "0.1.0"

[[package]]
name = "android_unlock_patterns"
version = "0.1.0"

[[package]]
name = "backspace_string_compare"
version = "0.1.0"

[[package]]
name = "best_time_to_buy_and_sell_stock"
version = "0.1.0"

[[package]]
name = "main"
version = "0.1.0"
dependencies = [
 "three_sum",
 "two_sum",
]

[[package]]
name = "three_sum"
version = "0.1.0"

[[package]]
name = "two_sum"
version = "0.1.0"
